
Microsoft Visual Studio Solution File, Format Version 12.00
# Visual Studio Version 16
VisualStudioVersion = 16.0.32802.440
MinimumVisualStudioVersion = 10.0.40219.1
Project("{FAE04EC0-301F-11D3-BF4B-00C04F79EFBC}") = "day3", "day3\day3.csproj", "{286C5EA9-AC3F-47A8-A740-82F1A4A53336}"
EndProject
Global
	GlobalSection(SolutionConfigurationPlatforms) = preSolution
		Debug|Any CPU = Debug|Any CPU
		Release|Any CPU = Release|Any CPU
	EndGlobalSection
	GlobalSection(ProjectConfigurationPlatforms) = postSolution
		{286C5EA9-AC3F-47A8-A740-82F1A4A53336}.Debug|Any CPU.ActiveCfg = Debug|Any CPU
		{286C5EA9-AC3F-47A8-A740-82F1A4A53336}.Debug|Any CPU.Build.0 = Debug|Any CPU
		{286C5EA9-AC3F-47A8-A740-82F1A4A53336}.Release|Any CPU.ActiveCfg = Release|Any CPU
		{286C5EA9-AC3F-47A8-A740-82F1A4A53336}.Release|Any CPU.Build.0 = Release|Any CPU
	EndGlobalSection
	GlobalSection(SolutionProperties) = preSolution
		HideSolutionNode = FALSE
	EndGlobalSection
	GlobalSection(ExtensibilityGlobals) = postSolution
		SolutionGuid = {39957E93-4D51-4C3B-BAFF-C0FC0F857A3B}
	EndGlobalSection
EndGlobal
